// !$*UTF8*$!
{
	archiveVersion = 1;
	classes = {
	};
	objectVersion = 77;
	objects = {

/* Begin PBXContainerItemProxy section */
		EC52609D2D16C6B200253943 /* PBXContainerItemProxy */ = {
			isa = PBXContainerItemProxy;
			containerPortal = EC5260842D16C6B100253943 /* Project object */;
			proxyType = 1;
			remoteGlobalIDString = EC52608B2D16C6B100253943;
			remoteInfo = Drawmemopad;
		};
		EC5260A72D16C6B200253943 /* PBXContainerItemProxy */ = {
			isa = PBXContainerItemProxy;
			containerPortal = EC5260842D16C6B100253943 /* Project object */;
			proxyType = 1;
			remoteGlobalIDString = EC52608B2D16C6B100253943;
			remoteInfo = Drawmemopad;
		};
/* End PBXContainerItemProxy section */

/* Begin PBXFileReference section */
		EC52608C2D16C6B100253943 /* Drawmemopad.app */ = {isa = PBXFileReference; explicitFileType = wrapper.application; includeInIndex = 0; path = Drawmemopad.app; sourceTree = BUILT_PRODUCTS_DIR; };
		EC52609C2D16C6B200253943 /* DrawmemopadTests.xctest */ = {isa = PBXFileReference; explicitFileType = wrapper.cfbundle; includeInIndex = 0; path = DrawmemopadTests.xctest; sourceTree = BUILT_PRODUCTS_DIR; };
		EC5260A62D16C6B200253943 /* DrawmemopadUITests.xctest */ = {isa = PBXFileReference; explicitFileType = wrapper.cfbundle; includeInIndex = 0; path = DrawmemopadUITests.xctest; sourceTree = BUILT_PRODUCTS_DIR; };
/* End PBXFileReference section */

/* Begin PBXFileSystemSynchronizedRootGroup section */
		EC52608E2D16C6B100253943 /* Drawmemopad */ = {
			isa = PBXFileSystemSynchronizedRootGroup;
			path = Drawmemopad;
			sourceTree = "<group>";
		};
		EC52609F2D16C6B200253943 /* DrawmemopadTests */ = {
			isa = PBXFileSystemSynchronizedRootGroup;
			path = DrawmemopadTests;
			sourceTree = "<group>";
		};
		EC5260A92D16C6B200253943 /* DrawmemopadUITests */ = {
			isa = PBXFileSystemSynchronizedRootGroup;
			path = DrawmemopadUITests;
			sourceTree = "<group>";
		};
/* End PBXFileSystemSynchronizedRootGroup section */

/* Begin PBXFrameworksBuildPhase section */
		EC5260892D16C6B100253943 /* Frameworks */ = {
			isa = PBXFrameworksBuildPhase;
			buildActionMask = 2147483647;
			files = (
			);
			runOnlyForDeploymentPostprocessing = 0;
		};
		EC5260992D16C6B200253943 /* Frameworks */ = {
			isa = PBXFrameworksBuildPhase;
			buildActionMask = 2147483647;
			files = (
			);
			runOnlyForDeploymentPostprocessing = 0;
		};
		EC5260A32D16C6B200253943 /* Frameworks */ = {
			isa = PBXFrameworksBuildPhase;
			buildActionMask = 2147483647;
			files = (
			);
			runOnlyForDeploymentPostprocessing = 0;
		};
/* End PBXFrameworksBuildPhase section */

/* Begin PBXGroup section */
		EC5260832D16C6B100253943 = {
			isa = PBXGroup;
			children = (
				EC52608E2D16C6B100253943 /* Drawmemopad */,
				EC52609F2D16C6B200253943 /* DrawmemopadTests */,
				EC5260A92D16C6B200253943 /* DrawmemopadUITests */,
				EC52608D2D16C6B100253943 /* Products */,
			);
			sourceTree = "<group>";
		};
		EC52608D2D16C6B100253943 /* Products */ = {
			isa = PBXGroup;
			children = (
				EC52608C2D16C6B100253943 /* Drawmemopad.app */,
				EC52609C2D16C6B200253943 /* DrawmemopadTests.xctest */,
				EC5260A62D16C6B200253943 /* DrawmemopadUITests.xctest */,
			);
			name = Products;
			sourceTree = "<group>";
		};
/* End PBXGroup section */

/* Begin PBXNativeTarget section */
		EC52608B2D16C6B100253943 /* Drawmemopad */ = {
			isa = PBXNativeTarget;
			buildConfigurationList = EC5260B02D16C6B200253943 /* Build configuration list for PBXNativeTarget "Drawmemopad" */;
			buildPhases = (
				EC5260882D16C6B100253943 /* Sources */,
				EC5260892D16C6B100253943 /* Frameworks */,
				EC52608A2D16C6B100253943 /* Resources */,
			);
			buildRules = (
			);
			dependencies = (
			);
			fileSystemSynchronizedGroups = (
				EC52608E2D16C6B100253943 /* Drawmemopad */,
			);
			name = Drawmemopad;
			packageProductDependencies = (
			);
			productName = Drawmemopad;
			productReference = EC52608C2D16C6B100253943 /* Drawmemopad.app */;
			productType = "com.apple.product-type.application";
		};
		EC52609B2D16C6B200253943 /* DrawmemopadTests */ = {
			isa = PBXNativeTarget;
			buildConfigurationList = EC5260B32D16C6B200253943 /* Build configuration list for PBXNativeTarget "DrawmemopadTests" */;
			buildPhases = (
				EC5260982D16C6B200253943 /* Sources */,
				EC5260992D16C6B200253943 /* Frameworks */,
				EC52609A2D16C6B200253943 /* Resources */,
			);
			buildRules = (
			);
			dependencies = (
				EC52609E2D16C6B200253943 /* PBXTargetDependency */,
			);
			fileSystemSynchronizedGroups = (
				EC52609F2D16C6B200253943 /* DrawmemopadTests */,
			);
			name = DrawmemopadTests;
			packageProductDependencies = (
			);
			productName = DrawmemopadTests;
			productReference = EC52609C2D16C6B200253943 /* DrawmemopadTests.xctest */;
			productType = "com.apple.product-type.bundle.unit-test";
		};
		EC5260A52D16C6B200253943 /* DrawmemopadUITests */ = {
			isa = PBXNativeTarget;
			buildConfigurationList = EC5260B62D16C6B200253943 /* Build configuration list for PBXNativeTarget "DrawmemopadUITests" */;
			buildPhases = (
				EC5260A22D16C6B200253943 /* Sources */,
				EC5260A32D16C6B200253943 /* Frameworks */,
				EC5260A42D16C6B200253943 /* Resources */,
			);
			buildRules = (
			);
			dependencies = (
				EC5260A82D16C6B200253943 /* PBXTargetDependency */,
			);
			fileSystemSynchronizedGroups = (
				EC5260A92D16C6B200253943 /* DrawmemopadUITests */,
			);
			name = DrawmemopadUITests;
			packageProductDependencies = (
			);
			productName = DrawmemopadUITests;
			productReference = EC5260A62D16C6B200253943 /* DrawmemopadUITests.xctest */;
			productType = "com.apple.product-type.bundle.ui-testing";
		};
/* End PBXNativeTarget section */

/* Begin PBXProject section */
		EC5260842D16C6B100253943 /* Project object */ = {
			isa = PBXProject;
			attributes = {
				BuildIndependentTargetsInParallel = 1;
				LastSwiftUpdateCheck = 1610;
				LastUpgradeCheck = 1610;
				TargetAttributes = {
					EC52608B2D16C6B100253943 = {
						CreatedOnToolsVersion = 16.1;
					};
					EC52609B2D16C6B200253943 = {
						CreatedOnToolsVersion = 16.1;
						TestTargetID = EC52608B2D16C6B100253943;
					};
					EC5260A52D16C6B200253943 = {
						CreatedOnToolsVersion = 16.1;
						TestTargetID = EC52608B2D16C6B100253943;
					};
				};
			};
			buildConfigurationList = EC5260872D16C6B100253943 /* Build configuration list for PBXProject "Drawmemopad" */;
			developmentRegion = en;
			hasScannedForEncodings = 0;
			knownRegions = (
				en,
				Base,
			);
			mainGroup = EC5260832D16C6B100253943;
			minimizedProjectReferenceProxies = 1;
			preferredProjectObjectVersion = 77;
			productRefGroup = EC52608D2D16C6B100253943 /* Products */;
			projectDirPath = "";
			projectRoot = "";
			targets = (
				EC52608B2D16C6B100253943 /* Drawmemopad */,
				EC52609B2D16C6B200253943 /* DrawmemopadTests */,
				EC5260A52D16C6B200253943 /* DrawmemopadUITests */,
			);
		};
/* End PBXProject section */

/* Begin PBXResourcesBuildPhase section */
		EC52608A2D16C6B100253943 /* Resources */ = {
			isa = PBXResourcesBuildPhase;
			buildActionMask = 2147483647;
			files = (
			);
			runOnlyForDeploymentPostprocessing = 0;
		};
		EC52609A2D16C6B200253943 /* Resources */ = {
			isa = PBXResourcesBuildPhase;
			buildActionMask = 2147483647;
			files = (
			);
			runOnlyForDeploymentPostprocessing = 0;
		};
		EC5260A42D16C6B200253943 /* Resources */ = {
			isa = PBXResourcesBuildPhase;
			buildActionMask = 2147483647;
			files = (
			);
			runOnlyForDeploymentPostprocessing = 0;
		};
/* End PBXResourcesBuildPhase section */

/* Begin PBXSourcesBuildPhase section */
		EC5260882D16C6B100253943 /* Sources */ = {
			isa = PBXSourcesBuildPhase;
			buildActionMask = 2147483647;
			files = (
			);
			runOnlyForDeploymentPostprocessing = 0;
		};
		EC5260982D16C6B200253943 /* Sources */ = {
			isa = PBXSourcesBuildPhase;
			buildActionMask = 2147483647;
			files = (
			);
			runOnlyForDeploymentPostprocessing = 0;
		};
		EC5260A22D16C6B200253943 /* Sources */ = {
			isa = PBXSourcesBuildPhase;
			buildActionMask = 2147483647;
			files = (
			);
			runOnlyForDeploymentPostprocessing = 0;
		};
/* End PBXSourcesBuildPhase section */

/* Begin PBXTargetDependency section */
		EC52609E2D16C6B200253943 /* PBXTargetDependency */ = {
			isa = PBXTargetDependency;
			target = EC52608B2D16C6B100253943 /* Drawmemopad */;
			targetProxy = EC52609D2D16C6B200253943 /* PBXContainerItemProxy */;
		};
		EC5260A82D16C6B200253943 /* PBXTargetDependency */ = {
			isa = PBXTargetDependency;
			target = EC52608B2D16C6B100253943 /* Drawmemopad */;
			targetProxy = EC5260A72D16C6B200253943 /* PBXContainerItemProxy */;
		};
/* End PBXTargetDependency section */

/* Begin XCBuildConfiguration section */
		EC5260AE2D16C6B200253943 /* Debug */ = {
			isa = XCBuildConfiguration;
			buildSettings = {
				ALWAYS_SEARCH_USER_PATHS = NO;
				ASSETCATALOG_COMPILER_GENERATE_SWIFT_ASSET_SYMBOL_EXTENSIONS = YES;
				CLANG_ANALYZER_NONNULL = YES;
				CLANG_ANALYZER_NUMBER_OBJECT_CONVERSION = YES_AGGRESSIVE;
				CLANG_CXX_LANGUAGE_STANDARD = "gnu++20";
				CLANG_ENABLE_MODULES = YES;
				CLANG_ENABLE_OBJC_ARC = YES;
				CLANG_ENABLE_OBJC_WEAK = YES;
				CLANG_WARN_BLOCK_CAPTURE_AUTORELEASING = YES;
				CLANG_WARN_BOOL_CONVERSION = YES;
				CLANG_WARN_COMMA = YES;
				CLANG_WARN_CONSTANT_CONVERSION = YES;
				CLANG_WARN_DEPRECATED_OBJC_IMPLEMENTATIONS = YES;
				CLANG_WARN_DIRECT_OBJC_ISA_USAGE = YES_ERROR;
				CLANG_WARN_DOCUMENTATION_COMMENTS = YES;
				CLANG_WARN_EMPTY_BODY = YES;
				CLANG_WARN_ENUM_CONVERSION = YES;
				CLANG_WARN_INFINITE_RECURSION = YES;
				CLANG_WARN_INT_CONVERSION = YES;
				CLANG_WARN_NON_LITERAL_NULL_CONVERSION = YES;
				CLANG_WARN_OBJC_IMPLICIT_RETAIN_SELF = YES;
				CLANG_WARN_OBJC_LITERAL_CONVERSION = YES;
				CLANG_WARN_OBJC_ROOT_CLASS = YES_ERROR;
				CLANG_WARN_QUOTED_INCLUDE_IN_FRAMEWORK_HEADER = YES;
				CLANG_WARN_RANGE_LOOP_ANALYSIS = YES;
				CLANG_WARN_STRICT_PROTOTYPES = YES;
				CLANG_WARN_SUSPICIOUS_MOVE = YES;
				CLANG_WARN_UNGUARDED_AVAILABILITY = YES_AGGRESSIVE;
				CLANG_WARN_UNREACHABLE_CODE = YES;
				CLANG_WARN__DUPLICATE_METHOD_MATCH = YES;
				COPY_PHASE_STRIP = NO;
				DEBUG_INFORMATION_FORMAT = dwarf;
				ENABLE_STRICT_OBJC_MSGSEND = YES;
				ENABLE_TESTABILITY = YES;
				ENABLE_USER_SCRIPT_SANDBOXING = YES;
				GCC_C_LANGUAGE_STANDARD = gnu17;
				GCC_DYNAMIC_NO_PIC = NO;
				GCC_NO_COMMON_BLOCKS = YES;
				GCC_OPTIMIZATION_LEVEL = 0;
				GCC_PREPROCESSOR_DEFINITIONS = (
					"DEBUG=1",
					"$(inherited)",
				);
				GCC_WARN_64_TO_32_BIT_CONVERSION = YES;
				GCC_WARN_ABOUT_RETURN_TYPE = YES_ERROR;
				GCC_WARN_UNDECLARED_SELECTOR = YES;
				GCC_WARN_UNINITIALIZED_AUTOS = YES_AGGRESSIVE;
				GCC_WARN_UNUSED_FUNCTION = YES;
				GCC_WARN_UNUSED_VARIABLE = YES;
				IPHONEOS_DEPLOYMENT_TARGET = 18.1;
				LOCALIZATION_PREFERS_STRING_CATALOGS = YES;
				MTL_ENABLE_DEBUG_INFO = INCLUDE_SOURCE;
				MTL_FAST_MATH = YES;
				ONLY_ACTIVE_ARCH = YES;
				SDKROOT = iphoneos;
				SWIFT_ACTIVE_COMPILATION_CONDITIONS = "DEBUG $(inherited)";
				SWIFT_OPTIMIZATION_LEVEL = "-Onone";
			};
			name = Debug;
		};
		EC5260AF2D16C6B200253943 /* Release */ = {
			isa = XCBuildConfiguration;
			buildSettings = {
				ALWAYS_SEARCH_USER_PATHS = NO;
				ASSETCATALOG_COMPILER_GENERATE_SWIFT_ASSET_SYMBOL_EXTENSIONS = YES;
				CLANG_ANALYZER_NONNULL = YES;
				CLANG_ANALYZER_NUMBER_OBJECT_CONVERSION = YES_AGGRESSIVE;
				CLANG_CXX_LANGUAGE_STANDARD = "gnu++20";
				CLANG_ENABLE_MODULES = YES;
				CLANG_ENABLE_OBJC_ARC = YES;
				CLANG_ENABLE_OBJC_WEAK = YES;
				CLANG_WARN_BLOCK_CAPTURE_AUTORELEASING = YES;
				CLANG_WARN_BOOL_CONVERSION = YES;
				CLANG_WARN_COMMA = YES;
				CLANG_WARN_CONSTANT_CONVERSION = YES;
				CLANG_WARN_DEPRECATED_OBJC_IMPLEMENTATIONS = YES;
				CLANG_WARN_DIRECT_OBJC_ISA_USAGE = YES_ERROR;
				CLANG_WARN_DOCUMENTATION_COMMENTS = YES;
				CLANG_WARN_EMPTY_BODY = YES;
				CLANG_WARN_ENUM_CONVERSION = YES;
				CLANG_WARN_INFINITE_RECURSION = YES;
				CLANG_WARN_INT_CONVERSION = YES;
				CLANG_WARN_NON_LITERAL_NULL_CONVERSION = YES;
				CLANG_WARN_OBJC_IMPLICIT_RETAIN_SELF = YES;
				CLANG_WARN_OBJC_LITERAL_CONVERSION = YES;
				CLANG_WARN_OBJC_ROOT_CLASS = YES_ERROR;
				CLANG_WARN_QUOTED_INCLUDE_IN_FRAMEWORK_HEADER = YES;
				CLANG_WARN_RANGE_LOOP_ANALYSIS = YES;
				CLANG_WARN_STRICT_PROTOTYPES = YES;
				CLANG_WARN_SUSPICIOUS_MOVE = YES;
				CLANG_WARN_UNGUARDED_AVAILABILITY = YES_AGGRESSIVE;
				CLANG_WARN_UNREACHABLE_CODE = YES;
				CLANG_WARN__DUPLICATE_METHOD_MATCH = YES;
				COPY_PHASE_STRIP = NO;
				DEBUG_INFORMATION_FORMAT = "dwarf-with-dsym";
				ENABLE_NS_ASSERTIONS = NO;
				ENABLE_STRICT_OBJC_MSGSEND = YES;
				ENABLE_USER_SCRIPT_SANDBOXING = YES;
				GCC_C_LANGUAGE_STANDARD = gnu17;
				GCC_NO_COMMON_BLOCKS = YES;
				GCC_WARN_64_TO_32_BIT_CONVERSION = YES;
				GCC_WARN_ABOUT_RETURN_TYPE = YES_ERROR;
				GCC_WARN_UNDECLARED_SELECTOR = YES;
				GCC_WARN_UNINITIALIZED_AUTOS = YES_AGGRESSIVE;
				GCC_WARN_UNUSED_FUNCTION = YES;
				GCC_WARN_UNUSED_VARIABLE = YES;
				IPHONEOS_DEPLOYMENT_TARGET = 18.1;
				LOCALIZATION_PREFERS_STRING_CATALOGS = YES;
				MTL_ENABLE_DEBUG_INFO = NO;
				MTL_FAST_MATH = YES;
				SDKROOT = iphoneos;
				SWIFT_COMPILATION_MODE = wholemodule;
				VALIDATE_PRODUCT = YES;
			};
			name = Release;
		};
		EC5260B12D16C6B200253943 /* Debug */ = {
			isa = XCBuildConfiguration;
			buildSettings = {
				ASSETCATALOG_COMPILER_APPICON_NAME = AppIcon;
				ASSETCATALOG_COMPILER_GLOBAL_ACCENT_COLOR_NAME = AccentColor;
				CODE_SIGN_STYLE = Automatic;
				CURRENT_PROJECT_VERSION = 1;
				DEVELOPMENT_ASSET_PATHS = "\"Drawmemopad/Preview Content\"";
				DEVELOPMENT_TEAM = K6CP3MSN8S;
				ENABLE_PREVIEWS = YES;
				GENERATE_INFOPLIST_FILE = YES;
				INFOPLIST_KEY_UIApplicationSceneManifest_Generation = YES;
				INFOPLIST_KEY_UIApplicationSupportsIndirectInputEvents = YES;
				INFOPLIST_KEY_UILaunchScreen_Generation = YES;
				INFOPLIST_KEY_UISupportedInterfaceOrientations_iPad = "UIInterfaceOrientationPortrait UIInterfaceOrientationPortraitUpsideDown UIInterfaceOrientationLandscapeLeft UIInterfaceOrientationLandscapeRight";
				INFOPLIST_KEY_UISupportedInterfaceOrientations_iPhone = "UIInterfaceOrientationPortrait UIInterfaceOrientationLandscapeLeft UIInterfaceOrientationLandscapeRight";
				LD_RUNPATH_SEARCH_PATHS = (
					"$(inherited)",
					"@executable_path/Frameworks",
				);
				MARKETING_VERSION = 1.0;
				PRODUCT_BUNDLE_IDENTIFIER = com.gmail.hk.kazuki.hayashi.Drawmemopad;
				PRODUCT_NAME = "$(TARGET_NAME)";
				SWIFT_EMIT_LOC_STRINGS = YES;
				SWIFT_VERSION = 5.0;
				TARGETED_DEVICE_FAMILY = "1,2";
			};
			name = Debug;
		};
		EC5260B22D16C6B200253943 /* Release */ = {
			isa = XCBuildConfiguration;
			buildSettings = {
				ASSETCATALOG_COMPILER_APPICON_NAME = AppIcon;
				ASSETCATALOG_COMPILER_GLOBAL_ACCENT_COLOR_NAME = AccentColor;
				CODE_SIGN_STYLE = Automatic;
				CURRENT_PROJECT_VERSION = 1;
				DEVELOPMENT_ASSET_PATHS = "\"Drawmemopad/Preview Content\"";
				DEVELOPMENT_TEAM = K6CP3MSN8S;
				ENABLE_PREVIEWS = YES;
				GENERATE_INFOPLIST_FILE = YES;
				INFOPLIST_KEY_UIApplicationSceneManifest_Generation = YES;
				INFOPLIST_KEY_UIApplicationSupportsIndirectInputEvents = YES;
				INFOPLIST_KEY_UILaunchScreen_Generation = YES;
				INFOPLIST_KEY_UISupportedInterfaceOrientations_iPad = "UIInterfaceOrientationPortrait UIInterfaceOrientationPortraitUpsideDown UIInterfaceOrientationLandscapeLeft UIInterfaceOrientationLandscapeRight";
				INFOPLIST_KEY_UISupportedInterfaceOrientations_iPhone = "UIInterfaceOrientationPortrait UIInterfaceOrientationLandscapeLeft UIInterfaceOrientationLandscapeRight";
				LD_RUNPATH_SEARCH_PATHS = (
					"$(inherited)",
					"@executable_path/Frameworks",
				);
				MARKETING_VERSION = 1.0;
				PRODUCT_BUNDLE_IDENTIFIER = com.gmail.hk.kazuki.hayashi.Drawmemopad;
				PRODUCT_NAME = "$(TARGET_NAME)";
				SWIFT_EMIT_LOC_STRINGS = YES;
				SWIFT_VERSION = 5.0;
				TARGETED_DEVICE_FAMILY = "1,2";
			};
			name = Release;
		};
		EC5260B42D16C6B200253943 /* Debug */ = {
			isa = XCBuildConfiguration;
			buildSettings = {
				BUNDLE_LOADER = "$(TEST_HOST)";
				CODE_SIGN_STYLE = Automatic;
				CURRENT_PROJECT_VERSION = 1;
				DEVELOPMENT_TEAM = K6CP3MSN8S;
				GENERATE_INFOPLIST_FILE = YES;
				IPHONEOS_DEPLOYMENT_TARGET = 18.1;
				MARKETING_VERSION = 1.0;
				PRODUCT_BUNDLE_IDENTIFIER = com.gmail.hk.kazuki.hayashi.DrawmemopadTests;
				PRODUCT_NAME = "$(TARGET_NAME)";
				SWIFT_EMIT_LOC_STRINGS = NO;
				SWIFT_VERSION = 5.0;
				TARGETED_DEVICE_FAMILY = "1,2";
				TEST_HOST = "$(BUILT_PRODUCTS_DIR)/Drawmemopad.app/$(BUNDLE_EXECUTABLE_FOLDER_PATH)/Drawmemopad";
			};
			name = Debug;
		};
		EC5260B52D16C6B200253943 /* Release */ = {
			isa = XCBuildConfiguration;
			buildSettings = {
				BUNDLE_LOADER = "$(TEST_HOST)";
				CODE_SIGN_STYLE = Automatic;
				CURRENT_PROJECT_VERSION = 1;
				DEVELOPMENT_TEAM = K6CP3MSN8S;
				GENERATE_INFOPLIST_FILE = YES;
				IPHONEOS_DEPLOYMENT_TARGET = 18.1;
				MARKETING_VERSION = 1.0;
				PRODUCT_BUNDLE_IDENTIFIER = com.gmail.hk.kazuki.hayashi.DrawmemopadTests;
				PRODUCT_NAME = "$(TARGET_NAME)";
				SWIFT_EMIT_LOC_STRINGS = NO;
				SWIFT_VERSION = 5.0;
				TARGETED_DEVICE_FAMILY = "1,2";
				TEST_HOST = "$(BUILT_PRODUCTS_DIR)/Drawmemopad.app/$(BUNDLE_EXECUTABLE_FOLDER_PATH)/Drawmemopad";
			};
			name = Release;
		};
		EC5260B72D16C6B200253943 /* Debug */ = {
			isa = XCBuildConfiguration;
			buildSettings = {
				CODE_SIGN_STYLE = Automatic;
				CURRENT_PROJECT_VERSION = 1;
				DEVELOPMENT_TEAM = K6CP3MSN8S;
				GENERATE_INFOPLIST_FILE = YES;
				MARKETING_VERSION = 1.0;
				PRODUCT_BUNDLE_IDENTIFIER = com.gmail.hk.kazuki.hayashi.DrawmemopadUITests;
				PRODUCT_NAME = "$(TARGET_NAME)";
				SWIFT_EMIT_LOC_STRINGS = NO;
				SWIFT_VERSION = 5.0;
				TARGETED_DEVICE_FAMILY = "1,2";
				TEST_TARGET_NAME = Drawmemopad;
			};
			name = Debug;
		};
		EC5260B82D16C6B200253943 /* Release */ = {
			isa = XCBuildConfiguration;
			buildSettings = {
				CODE_SIGN_STYLE = Automatic;
				CURRENT_PROJECT_VERSION = 1;
				DEVELOPMENT_TEAM = K6CP3MSN8S;
				GENERATE_INFOPLIST_FILE = YES;
				MARKETING_VERSION = 1.0;
				PRODUCT_BUNDLE_IDENTIFIER = com.gmail.hk.kazuki.hayashi.DrawmemopadUITests;
				PRODUCT_NAME = "$(TARGET_NAME)";
				SWIFT_EMIT_LOC_STRINGS = NO;
				SWIFT_VERSION = 5.0;
				TARGETED_DEVICE_FAMILY = "1,2";
				TEST_TARGET_NAME = Drawmemopad;
			};
			name = Release;
		};
/* End XCBuildConfiguration section */

/* Begin XCConfigurationList section */
		EC5260872D16C6B100253943 /* Build configuration list for PBXProject "Drawmemopad" */ = {
			isa = XCConfigurationList;
			buildConfigurations = (
				EC5260AE2D16C6B200253943 /* Debug */,
				EC5260AF2D16C6B200253943 /* Release */,
			);
			defaultConfigurationIsVisible = 0;
			defaultConfigurationName = Release;
		};
		EC5260B02D16C6B200253943 /* Build configuration list for PBXNativeTarget "Drawmemopad" */ = {
			isa = XCConfigurationList;
			buildConfigurations = (
				EC5260B12D16C6B200253943 /* Debug */,
				EC5260B22D16C6B200253943 /* Release */,
			);
			defaultConfigurationIsVisible = 0;
			defaultConfigurationName = Release;
		};
		EC5260B32D16C6B200253943 /* Build configuration list for PBXNativeTarget "DrawmemopadTests" */ = {
			isa = XCConfigurationList;
			buildConfigurations = (
				EC5260B42D16C6B200253943 /* Debug */,
				EC5260B52D16C6B200253943 /* Release */,
			);
			defaultConfigurationIsVisible = 0;
			defaultConfigurationName = Release;
		};
		EC5260B62D16C6B200253943 /* Build configuration list for PBXNativeTarget "DrawmemopadUITests" */ = {
			isa = XCConfigurationList;
			buildConfigurations = (
				EC5260B72D16C6B200253943 /* Debug */,
				EC5260B82D16C6B200253943 /* Release */,
			);
			defaultConfigurationIsVisible = 0;
			defaultConfigurationName = Release;
		};
/* End XCConfigurationList section */
	};
	rootObject = EC5260842D16C6B100253943 /* Project object */;
}
